<Solution>
  <Folder Name="/src/">
    <Project Path="src/Mdnet/Mdnet.csproj" />
  </Folder>
  <Folder Name="/samples/">
    <Project Path="samples/Sample.Lib/Sample.Lib.csproj" />
  </Folder>
  <Folder Name="/tests/">
    <Project Path="tests/Mdnet.Tests/Mdnet.Tests.csproj" />
  </Folder>
</Solution>
